{
  "version": 1,
  "dependencies": {
    ".NETCoreApp,Version=v3.1": {
      "CommandLineParser": {
        "type": "Direct",
        "requested": "[2.7.82, )",
        "resolved": "2.7.82",
        "contentHash": "JnjxBu4++EDnYtDzHskiPrPJ9hAna8amu8qlQx8J+2oZnPddDnkR/0FFtQMDz0Cs0YF2lbyW3OmYfRmIrLNY0A=="
      },
      "Microsoft.Extensions.FileSystemGlobbing": {
        "type": "Direct",
        "requested": "[3.1.1, )",
        "resolved": "3.1.1",
        "contentHash": "44k6cg7VHzDFylfkPUjPPAThEI2M5rtw+dm4+PuKbjuFHg5W/kE+FDRrQKUN8LLIGAdpeD9Jkqm/NNWtksv3NA=="
      },
      "Newtonsoft.Json": {
        "type": "Direct",
        "requested": "[12.0.3, )",
        "resolved": "12.0.3",
        "contentHash": "6mgjfnRB4jKMlzHSl+VD+oUc1IebOZabkbyWj2RiTgWwYPPuaK1H97G1sHqGwPlS5npiF5Q0OrxN1wni2n5QWg=="
      }
    }
  }
}